
Microsoft Visual Studio Solution File, Format Version 12.00
# Visual Studio Version 16
VisualStudioVersion = 16.0.30907.101
MinimumVisualStudioVersion = 10.0.40219.1
Project("{FAE04EC0-301F-11D3-BF4B-00C04F79EFBC}") = "ConsoleAppLesson_5", "ConsoleAppLesson_5\ConsoleAppLesson_5.csproj", "{4DBD3E19-7B10-4AD3-A8EE-8C2849F640E3}"
EndProject
Global
	GlobalSection(SolutionConfigurationPlatforms) = preSolution
		Debug|Any CPU = Debug|Any CPU
		Release|Any CPU = Release|Any CPU
	EndGlobalSection
	GlobalSection(ProjectConfigurationPlatforms) = postSolution
		{4DBD3E19-7B10-4AD3-A8EE-8C2849F640E3}.Debug|Any CPU.ActiveCfg = Debug|Any CPU
		{4DBD3E19-7B10-4AD3-A8EE-8C2849F640E3}.Debug|Any CPU.Build.0 = Debug|Any CPU
		{4DBD3E19-7B10-4AD3-A8EE-8C2849F640E3}.Release|Any CPU.ActiveCfg = Release|Any CPU
		{4DBD3E19-7B10-4AD3-A8EE-8C2849F640E3}.Release|Any CPU.Build.0 = Release|Any CPU
	EndGlobalSection
	GlobalSection(SolutionProperties) = preSolution
		HideSolutionNode = FALSE
	EndGlobalSection
	GlobalSection(ExtensibilityGlobals) = postSolution
		SolutionGuid = {220E7C3B-49B4-41FD-8DB4-5F1AF50C6E59}
	EndGlobalSection
EndGlobal
